
Microsoft Visual Studio Solution File, Format Version 12.00
# Visual Studio Version 17
VisualStudioVersion = 17.2.32505.173
MinimumVisualStudioVersion = 10.0.40219.1
Project("{FAE04EC0-301F-11D3-BF4B-00C04F79EFBC}") = "TestCoverageReport", "TestCoverageReport\TestCoverageReport.csproj", "{C1D5B4D4-EA55-4A73-A569-084B9F878A38}"
EndProject
Project("{FAE04EC0-301F-11D3-BF4B-00C04F79EFBC}") = "TestCoverageReport.Tests", "TestCoverageReport.Tests\TestCoverageReport.Tests.csproj", "{16B3F465-6C8D-4709-BEA9-5207A54AB4FE}"
	ProjectSection(ProjectDependencies) = postProject
		{C1D5B4D4-EA55-4A73-A569-084B9F878A38} = {C1D5B4D4-EA55-4A73-A569-084B9F878A38}
	EndProjectSection
EndProject
Global
	GlobalSection(SolutionConfigurationPlatforms) = preSolution
		Debug|Any CPU = Debug|Any CPU
		Release|Any CPU = Release|Any CPU
	EndGlobalSection
	GlobalSection(ProjectConfigurationPlatforms) = postSolution
		{C1D5B4D4-EA55-4A73-A569-084B9F878A38}.Debug|Any CPU.ActiveCfg = Debug|Any CPU
		{C1D5B4D4-EA55-4A73-A569-084B9F878A38}.Debug|Any CPU.Build.0 = Debug|Any CPU
		{C1D5B4D4-EA55-4A73-A569-084B9F878A38}.Release|Any CPU.ActiveCfg = Release|Any CPU
		{C1D5B4D4-EA55-4A73-A569-084B9F878A38}.Release|Any CPU.Build.0 = Release|Any CPU
		{16B3F465-6C8D-4709-BEA9-5207A54AB4FE}.Debug|Any CPU.ActiveCfg = Debug|Any CPU
		{16B3F465-6C8D-4709-BEA9-5207A54AB4FE}.Debug|Any CPU.Build.0 = Debug|Any CPU
		{16B3F465-6C8D-4709-BEA9-5207A54AB4FE}.Release|Any CPU.ActiveCfg = Release|Any CPU
		{16B3F465-6C8D-4709-BEA9-5207A54AB4FE}.Release|Any CPU.Build.0 = Release|Any CPU
	EndGlobalSection
	GlobalSection(SolutionProperties) = preSolution
		HideSolutionNode = FALSE
	EndGlobalSection
	GlobalSection(ExtensibilityGlobals) = postSolution
		SolutionGuid = {5C0A5D6F-A2A9-4FED-A224-58F5F794F7D0}
	EndGlobalSection
EndGlobal
